// !$*UTF8*$!
{
	archiveVersion = 1;
	classes = {
	};
	objectVersion = 46;
	objects = {

/* Begin PBXBuildFile section */
		0B395CE41A33F00400D6D4D1 /* Entitlements.plist in Resources */ = {isa = PBXBuildFile; fileRef = 0B395CE31A33F00400D6D4D1 /* Entitlements.plist */; };
		0B9EC35E1A33EA8F00F15F0C /* main.m in Sources */ = {isa = PBXBuildFile; fileRef = 0B9EC35D1A33EA8F00F15F0C /* main.m */; };
		0B9EC3691A33EA8F00F15F0C /* Images.xcassets in Resources */ = {isa = PBXBuildFile; fileRef = 0B9EC3681A33EA8F00F15F0C /* Images.xcassets */; };
/* End PBXBuildFile section */

/* Begin PBXFileReference section */
		0B395CE31A33F00400D6D4D1 /* Entitlements.plist */ = {isa = PBXFileReference; fileEncoding = 4; lastKnownFileType = text.plist.xml; path = Entitlements.plist; sourceTree = SOURCE_ROOT; };
		0B9EC3581A33EA8F00F15F0C /* CarPlayActivatorLauncher.app */ = {isa = PBXFileReference; explicitFileType = wrapper.application; includeInIndex = 0; path = CarPlayActivatorLauncher.app; sourceTree = BUILT_PRODUCTS_DIR; };
		0B9EC35C1A33EA8F00F15F0C /* Info.plist */ = {isa = PBXFileReference; lastKnownFileType = text.plist.xml; path = Info.plist; sourceTree = "<group>"; };
		0B9EC35D1A33EA8F00F15F0C /* main.m */ = {isa = PBXFileReference; lastKnownFileType = sourcecode.c.objc; path = main.m; sourceTree = "<group>"; };
		0B9EC3681A33EA8F00F15F0C /* Images.xcassets */ = {isa = PBXFileReference; lastKnownFileType = folder.assetcatalog; path = Images.xcassets; sourceTree = "<group>"; };
/* End PBXFileReference section */

/* Begin PBXFrameworksBuildPhase section */
		0B9EC3551A33EA8F00F15F0C /* Frameworks */ = {
			isa = PBXFrameworksBuildPhase;
			buildActionMask = 2147483647;
			files = (
			);
			runOnlyForDeploymentPostprocessing = 0;
		};
/* End PBXFrameworksBuildPhase section */

/* Begin PBXGroup section */
		0B9EC34F1A33EA8F00F15F0C = {
			isa = PBXGroup;
			children = (
				0B9EC35A1A33EA8F00F15F0C /* CarPlayActivatorLauncher */,
				0B9EC3591A33EA8F00F15F0C /* Products */,
			);
			sourceTree = "<group>";
		};
		0B9EC3591A33EA8F00F15F0C /* Products */ = {
			isa = PBXGroup;
			children = (
				0B9EC3581A33EA8F00F15F0C /* CarPlayActivatorLauncher.app */,
			);
			name = Products;
			sourceTree = "<group>";
		};
		0B9EC35A1A33EA8F00F15F0C /* CarPlayActivatorLauncher */ = {
			isa = PBXGroup;
			children = (
				0B9EC3681A33EA8F00F15F0C /* Images.xcassets */,
				0B9EC35B1A33EA8F00F15F0C /* Supporting Files */,
			);
			path = CarPlayActivatorLauncher;
			sourceTree = "<group>";
		};
		0B9EC35B1A33EA8F00F15F0C /* Supporting Files */ = {
			isa = PBXGroup;
			children = (
				0B9EC35C1A33EA8F00F15F0C /* Info.plist */,
				0B395CE31A33F00400D6D4D1 /* Entitlements.plist */,
				0B9EC35D1A33EA8F00F15F0C /* main.m */,
			);
			name = "Supporting Files";
			sourceTree = "<group>";
		};
/* End PBXGroup section */

/* Begin PBXNativeTarget section */
		0B9EC3571A33EA8F00F15F0C /* CarPlayActivatorLauncher */ = {
			isa = PBXNativeTarget;
			buildConfigurationList = 0B9EC37B1A33EA8F00F15F0C /* Build configuration list for PBXNativeTarget "CarPlayActivatorLauncher" */;
			buildPhases = (
				0B9EC3541A33EA8F00F15F0C /* Sources */,
				0B9EC3551A33EA8F00F15F0C /* Frameworks */,
				0B9EC3561A33EA8F00F15F0C /* Resources */,
				6672BE641A34EAEE00C649D5 /* ShellScript */,
			);
			buildRules = (
			);
			dependencies = (
			);
			name = CarPlayActivatorLauncher;
			productName = CarPlayActivatorLauncher;
			productReference = 0B9EC3581A33EA8F00F15F0C /* CarPlayActivatorLauncher.app */;
			productType = "com.apple.product-type.application";
		};
/* End PBXNativeTarget section */

/* Begin PBXProject section */
		0B9EC3501A33EA8F00F15F0C /* Project object */ = {
			isa = PBXProject;
			attributes = {
				LastUpgradeCheck = 0610;
				ORGANIZATIONNAME = "Adam Bell";
				TargetAttributes = {
					0B9EC3571A33EA8F00F15F0C = {
						CreatedOnToolsVersion = 6.1.1;
					};
				};
			};
			buildConfigurationList = 0B9EC3531A33EA8F00F15F0C /* Build configuration list for PBXProject "CarPlayActivatorLauncher" */;
			compatibilityVersion = "Xcode 3.2";
			developmentRegion = English;
			hasScannedForEncodings = 0;
			knownRegions = (
				en,
				Base,
			);
			mainGroup = 0B9EC34F1A33EA8F00F15F0C;
			productRefGroup = 0B9EC3591A33EA8F00F15F0C /* Products */;
			projectDirPath = "";
			projectRoot = "";
			targets = (
				0B9EC3571A33EA8F00F15F0C /* CarPlayActivatorLauncher */,
			);
		};
/* End PBXProject section */

/* Begin PBXResourcesBuildPhase section */
		0B9EC3561A33EA8F00F15F0C /* Resources */ = {
			isa = PBXResourcesBuildPhase;
			buildActionMask = 2147483647;
			files = (
				0B395CE41A33F00400D6D4D1 /* Entitlements.plist in Resources */,
				0B9EC3691A33EA8F00F15F0C /* Images.xcassets in Resources */,
			);
			runOnlyForDeploymentPostprocessing = 0;
		};
/* End PBXResourcesBuildPhase section */

/* Begin PBXShellScriptBuildPhase section */
		6672BE641A34EAEE00C649D5 /* ShellScript */ = {
			isa = PBXShellScriptBuildPhase;
			buildActionMask = 2147483647;
			files = (
			);
			inputPaths = (
			);
			outputPaths = (
			);
			runOnlyForDeploymentPostprocessing = 0;
			shellPath = /bin/sh;
			shellScript = "pushd ${CONFIGURATION_BUILD_DIR}\n/opt/theos/bin/ldid -S${PROJECT_DIR}/Entitlements.plist CarPlayActivatorLauncher.app/CarPlayActivatorLauncher\ncp -rp CarPlayActivatorLauncher.app ${PROJECT_DIR}/../layout/Applications/\npopd";
		};
/* End PBXShellScriptBuildPhase section */

/* Begin PBXSourcesBuildPhase section */
		0B9EC3541A33EA8F00F15F0C /* Sources */ = {
			isa = PBXSourcesBuildPhase;
			buildActionMask = 2147483647;
			files = (
				0B9EC35E1A33EA8F00F15F0C /* main.m in Sources */,
			);
			runOnlyForDeploymentPostprocessing = 0;
		};
/* End PBXSourcesBuildPhase section */

/* Begin XCBuildConfiguration section */
		0B9EC3791A33EA8F00F15F0C /* Debug */ = {
			isa = XCBuildConfiguration;
			buildSettings = {
				ALWAYS_SEARCH_USER_PATHS = NO;
				CLANG_CXX_LANGUAGE_STANDARD = "gnu++0x";
				CLANG_CXX_LIBRARY = "libc++";
				CLANG_ENABLE_MODULES = YES;
				CLANG_ENABLE_OBJC_ARC = YES;
				CLANG_WARN_BOOL_CONVERSION = YES;
				CLANG_WARN_CONSTANT_CONVERSION = YES;
				CLANG_WARN_DIRECT_OBJC_ISA_USAGE = YES_ERROR;
				CLANG_WARN_EMPTY_BODY = YES;
				CLANG_WARN_ENUM_CONVERSION = YES;
				CLANG_WARN_INT_CONVERSION = YES;
				CLANG_WARN_OBJC_ROOT_CLASS = YES_ERROR;
				CLANG_WARN_UNREACHABLE_CODE = YES;
				CLANG_WARN__DUPLICATE_METHOD_MATCH = YES;
				"CODE_SIGN_IDENTITY[sdk=iphoneos*]" = "";
				COPY_PHASE_STRIP = NO;
				ENABLE_STRICT_OBJC_MSGSEND = YES;
				GCC_C_LANGUAGE_STANDARD = gnu99;
				GCC_DYNAMIC_NO_PIC = NO;
				GCC_OPTIMIZATION_LEVEL = 0;
				GCC_PREPROCESSOR_DEFINITIONS = (
					"DEBUG=1",
					"$(inherited)",
				);
				GCC_SYMBOLS_PRIVATE_EXTERN = NO;
				GCC_WARN_64_TO_32_BIT_CONVERSION = YES;
				GCC_WARN_ABOUT_RETURN_TYPE = YES_ERROR;
				GCC_WARN_UNDECLARED_SELECTOR = YES;
				GCC_WARN_UNINITIALIZED_AUTOS = YES_AGGRESSIVE;
				GCC_WARN_UNUSED_FUNCTION = YES;
				GCC_WARN_UNUSED_VARIABLE = YES;
				IPHONEOS_DEPLOYMENT_TARGET = 8.1;
				MTL_ENABLE_DEBUG_INFO = YES;
				ONLY_ACTIVE_ARCH = NO;
				SDKROOT = iphoneos;
				TARGETED_DEVICE_FAMILY = "1,2";
			};
			name = Debug;
		};
		0B9EC37A1A33EA8F00F15F0C /* Release */ = {
			isa = XCBuildConfiguration;
			buildSettings = {
				ALWAYS_SEARCH_USER_PATHS = NO;
				CLANG_CXX_LANGUAGE_STANDARD = "gnu++0x";
				CLANG_CXX_LIBRARY = "libc++";
				CLANG_ENABLE_MODULES = YES;
				CLANG_ENABLE_OBJC_ARC = YES;
				CLANG_WARN_BOOL_CONVERSION = YES;
				CLANG_WARN_CONSTANT_CONVERSION = YES;
				CLANG_WARN_DIRECT_OBJC_ISA_USAGE = YES_ERROR;
				CLANG_WARN_EMPTY_BODY = YES;
				CLANG_WARN_ENUM_CONVERSION = YES;
				CLANG_WARN_INT_CONVERSION = YES;
				CLANG_WARN_OBJC_ROOT_CLASS = YES_ERROR;
				CLANG_WARN_UNREACHABLE_CODE = YES;
				CLANG_WARN__DUPLICATE_METHOD_MATCH = YES;
				"CODE_SIGN_IDENTITY[sdk=iphoneos*]" = "";
				COPY_PHASE_STRIP = YES;
				ENABLE_NS_ASSERTIONS = NO;
				ENABLE_STRICT_OBJC_MSGSEND = YES;
				GCC_C_LANGUAGE_STANDARD = gnu99;
				GCC_WARN_64_TO_32_BIT_CONVERSION = YES;
				GCC_WARN_ABOUT_RETURN_TYPE = YES_ERROR;
				GCC_WARN_UNDECLARED_SELECTOR = YES;
				GCC_WARN_UNINITIALIZED_AUTOS = YES_AGGRESSIVE;
				GCC_WARN_UNUSED_FUNCTION = YES;
				GCC_WARN_UNUSED_VARIABLE = YES;
				IPHONEOS_DEPLOYMENT_TARGET = 8.1;
				MTL_ENABLE_DEBUG_INFO = NO;
				SDKROOT = iphoneos;
				TARGETED_DEVICE_FAMILY = "1,2";
				VALIDATE_PRODUCT = YES;
			};
			name = Release;
		};
		0B9EC37C1A33EA8F00F15F0C /* Debug */ = {
			isa = XCBuildConfiguration;
			buildSettings = {
				ASSETCATALOG_COMPILER_APPICON_NAME = AppIcon;
				CODE_SIGNING_REQUIRED = NO;
				CODE_SIGN_ENTITLEMENTS = "";
				CODE_SIGN_IDENTITY = "";
				HEADER_SEARCH_PATHS = (
					"$(inherited)",
					/Applications/Xcode.app/Contents/Developer/Toolchains/XcodeDefault.xctoolchain/usr/include,
					"\"${PROJECT_DIR}/../\"",
				);
				INFOPLIST_FILE = CarPlayActivatorLauncher/Info.plist;
				LD_RUNPATH_SEARCH_PATHS = "$(inherited) @executable_path/Frameworks";
				PRODUCT_NAME = "$(TARGET_NAME)";
			};
			name = Debug;
		};
		0B9EC37D1A33EA8F00F15F0C /* Release */ = {
			isa = XCBuildConfiguration;
			buildSettings = {
				ASSETCATALOG_COMPILER_APPICON_NAME = AppIcon;
				CODE_SIGNING_REQUIRED = NO;
				CODE_SIGN_ENTITLEMENTS = "";
				CODE_SIGN_IDENTITY = "";
				HEADER_SEARCH_PATHS = (
					"$(inherited)",
					/Applications/Xcode.app/Contents/Developer/Toolchains/XcodeDefault.xctoolchain/usr/include,
					"\"${PROJECT_DIR}/../\"",
				);
				INFOPLIST_FILE = CarPlayActivatorLauncher/Info.plist;
				LD_RUNPATH_SEARCH_PATHS = "$(inherited) @executable_path/Frameworks";
				PRODUCT_NAME = "$(TARGET_NAME)";
			};
			name = Release;
		};
/* End XCBuildConfiguration section */

/* Begin XCConfigurationList section */
		0B9EC3531A33EA8F00F15F0C /* Build configuration list for PBXProject "CarPlayActivatorLauncher" */ = {
			isa = XCConfigurationList;
			buildConfigurations = (
				0B9EC3791A33EA8F00F15F0C /* Debug */,
				0B9EC37A1A33EA8F00F15F0C /* Release */,
			);
			defaultConfigurationIsVisible = 0;
			defaultConfigurationName = Release;
		};
		0B9EC37B1A33EA8F00F15F0C /* Build configuration list for PBXNativeTarget "CarPlayActivatorLauncher" */ = {
			isa = XCConfigurationList;
			buildConfigurations = (
				0B9EC37C1A33EA8F00F15F0C /* Debug */,
				0B9EC37D1A33EA8F00F15F0C /* Release */,
			);
			defaultConfigurationIsVisible = 0;
			defaultConfigurationName = Release;
		};
/* End XCConfigurationList section */
	};
	rootObject = 0B9EC3501A33EA8F00F15F0C /* Project object */;
}
