// !$*UTF8*$!
{
	archiveVersion = 1;
	classes = {
	};
	objectVersion = 46;
	objects = {

/* Begin PBXBuildFile section */
		0B0181B71A2BA26000048116 /* Tweak.xmi in Sources */ = {isa = PBXBuildFile; fileRef = 0B0181B41A2BA24700048116 /* Tweak.xmi */; };
/* End PBXBuildFile section */

/* Begin PBXCopyFilesBuildPhase section */
		0B6E4DDC1A2BA12000C51CC9 /* CopyFiles */ = {
			isa = PBXCopyFilesBuildPhase;
			buildActionMask = 2147483647;
			dstPath = "include/$(PRODUCT_NAME)";
			dstSubfolderSpec = 16;
			files = (
			);
			runOnlyForDeploymentPostprocessing = 0;
		};
/* End PBXCopyFilesBuildPhase section */

/* Begin PBXFileReference section */
		0B0181B41A2BA24700048116 /* Tweak.xmi */ = {isa = PBXFileReference; explicitFileType = sourcecode.cpp.objcpp; fileEncoding = 4; path = Tweak.xmi; sourceTree = SOURCE_ROOT; };
		0B0181B51A2BA25400048116 /* PrivateHeaders.h */ = {isa = PBXFileReference; fileEncoding = 4; lastKnownFileType = sourcecode.c.h; path = PrivateHeaders.h; sourceTree = SOURCE_ROOT; };
		0B0181B61A2BA25400048116 /* RotationFixes.xm */ = {isa = PBXFileReference; explicitFileType = sourcecode.cpp.objcpp; fileEncoding = 4; path = RotationFixes.xm; sourceTree = SOURCE_ROOT; };
		0B0181BA1A2BA90000048116 /* substrate.h */ = {isa = PBXFileReference; lastKnownFileType = sourcecode.c.h; path = substrate.h; sourceTree = SOURCE_ROOT; };
		0B6E4DDE1A2BA12000C51CC9 /* libCarPlayActivator.a */ = {isa = PBXFileReference; explicitFileType = archive.ar; includeInIndex = 0; path = libCarPlayActivator.a; sourceTree = BUILT_PRODUCTS_DIR; };
/* End PBXFileReference section */

/* Begin PBXFrameworksBuildPhase section */
		0B6E4DDB1A2BA12000C51CC9 /* Frameworks */ = {
			isa = PBXFrameworksBuildPhase;
			buildActionMask = 2147483647;
			files = (
			);
			runOnlyForDeploymentPostprocessing = 0;
		};
/* End PBXFrameworksBuildPhase section */

/* Begin PBXGroup section */
		0B6E4DD51A2BA12000C51CC9 = {
			isa = PBXGroup;
			children = (
				0B6E4DE01A2BA12000C51CC9 /* CarPlayActivator */,
				0B6E4DDF1A2BA12000C51CC9 /* Products */,
			);
			sourceTree = "<group>";
		};
		0B6E4DDF1A2BA12000C51CC9 /* Products */ = {
			isa = PBXGroup;
			children = (
				0B6E4DDE1A2BA12000C51CC9 /* libCarPlayActivator.a */,
			);
			name = Products;
			sourceTree = "<group>";
		};
		0B6E4DE01A2BA12000C51CC9 /* CarPlayActivator */ = {
			isa = PBXGroup;
			children = (
				0B0181BA1A2BA90000048116 /* substrate.h */,
				0B0181B51A2BA25400048116 /* PrivateHeaders.h */,
				0B0181B41A2BA24700048116 /* Tweak.xmi */,
				0B0181B61A2BA25400048116 /* RotationFixes.xm */,
			);
			path = CarPlayActivator;
			sourceTree = "<group>";
		};
/* End PBXGroup section */

/* Begin PBXNativeTarget section */
		0B6E4DDD1A2BA12000C51CC9 /* CarPlayActivator */ = {
			isa = PBXNativeTarget;
			buildConfigurationList = 0B6E4DF21A2BA12000C51CC9 /* Build configuration list for PBXNativeTarget "CarPlayActivator" */;
			buildPhases = (
				0B6E4DDA1A2BA12000C51CC9 /* Sources */,
				0B6E4DDB1A2BA12000C51CC9 /* Frameworks */,
				0B6E4DDC1A2BA12000C51CC9 /* CopyFiles */,
				0B0181BB1A2BABC900048116 /* ShellScript */,
			);
			buildRules = (
			);
			dependencies = (
			);
			name = CarPlayActivator;
			productName = CarPlayActivator;
			productReference = 0B6E4DDE1A2BA12000C51CC9 /* libCarPlayActivator.a */;
			productType = "com.apple.product-type.library.static";
		};
/* End PBXNativeTarget section */

/* Begin PBXProject section */
		0B6E4DD61A2BA12000C51CC9 /* Project object */ = {
			isa = PBXProject;
			attributes = {
				LastUpgradeCheck = 0610;
				ORGANIZATIONNAME = "Adam Bell";
				TargetAttributes = {
					0B6E4DDD1A2BA12000C51CC9 = {
						CreatedOnToolsVersion = 6.1;
					};
				};
			};
			buildConfigurationList = 0B6E4DD91A2BA12000C51CC9 /* Build configuration list for PBXProject "CarPlayActivator" */;
			compatibilityVersion = "Xcode 3.2";
			developmentRegion = English;
			hasScannedForEncodings = 0;
			knownRegions = (
				en,
			);
			mainGroup = 0B6E4DD51A2BA12000C51CC9;
			productRefGroup = 0B6E4DDF1A2BA12000C51CC9 /* Products */;
			projectDirPath = "";
			projectRoot = "";
			targets = (
				0B6E4DDD1A2BA12000C51CC9 /* CarPlayActivator */,
			);
		};
/* End PBXProject section */

/* Begin PBXShellScriptBuildPhase section */
		0B0181BB1A2BABC900048116 /* ShellScript */ = {
			isa = PBXShellScriptBuildPhase;
			buildActionMask = 2147483647;
			files = (
			);
			inputPaths = (
			);
			outputPaths = (
			);
			runOnlyForDeploymentPostprocessing = 0;
			shellPath = /bin/sh;
			shellScript = "export PATH=$PATH:/usr/local/bin\nmake package install";
		};
/* End PBXShellScriptBuildPhase section */

/* Begin PBXSourcesBuildPhase section */
		0B6E4DDA1A2BA12000C51CC9 /* Sources */ = {
			isa = PBXSourcesBuildPhase;
			buildActionMask = 2147483647;
			files = (
				0B0181B71A2BA26000048116 /* Tweak.xmi in Sources */,
			);
			runOnlyForDeploymentPostprocessing = 0;
		};
/* End PBXSourcesBuildPhase section */

/* Begin XCBuildConfiguration section */
		0B6E4DF01A2BA12000C51CC9 /* Debug */ = {
			isa = XCBuildConfiguration;
			buildSettings = {
				ALWAYS_SEARCH_USER_PATHS = NO;
				CLANG_CXX_LANGUAGE_STANDARD = "gnu++0x";
				CLANG_CXX_LIBRARY = "libc++";
				CLANG_ENABLE_MODULES = YES;
				CLANG_ENABLE_OBJC_ARC = YES;
				CLANG_WARN_BOOL_CONVERSION = YES;
				CLANG_WARN_CONSTANT_CONVERSION = YES;
				CLANG_WARN_DIRECT_OBJC_ISA_USAGE = YES_ERROR;
				CLANG_WARN_EMPTY_BODY = YES;
				CLANG_WARN_ENUM_CONVERSION = YES;
				CLANG_WARN_INT_CONVERSION = YES;
				CLANG_WARN_OBJC_ROOT_CLASS = YES_ERROR;
				CLANG_WARN_UNREACHABLE_CODE = YES;
				CLANG_WARN__DUPLICATE_METHOD_MATCH = YES;
				COPY_PHASE_STRIP = NO;
				ENABLE_STRICT_OBJC_MSGSEND = YES;
				GCC_C_LANGUAGE_STANDARD = gnu99;
				GCC_DYNAMIC_NO_PIC = NO;
				GCC_OPTIMIZATION_LEVEL = 0;
				GCC_PREPROCESSOR_DEFINITIONS = (
					"DEBUG=1",
					"$(inherited)",
				);
				GCC_SYMBOLS_PRIVATE_EXTERN = NO;
				GCC_WARN_64_TO_32_BIT_CONVERSION = YES;
				GCC_WARN_ABOUT_RETURN_TYPE = YES_ERROR;
				GCC_WARN_UNDECLARED_SELECTOR = YES;
				GCC_WARN_UNINITIALIZED_AUTOS = YES_AGGRESSIVE;
				GCC_WARN_UNUSED_FUNCTION = YES;
				GCC_WARN_UNUSED_VARIABLE = YES;
				IPHONEOS_DEPLOYMENT_TARGET = 8.1;
				MTL_ENABLE_DEBUG_INFO = YES;
				ONLY_ACTIVE_ARCH = YES;
				SDKROOT = iphoneos;
			};
			name = Debug;
		};
		0B6E4DF11A2BA12000C51CC9 /* Release */ = {
			isa = XCBuildConfiguration;
			buildSettings = {
				ALWAYS_SEARCH_USER_PATHS = NO;
				CLANG_CXX_LANGUAGE_STANDARD = "gnu++0x";
				CLANG_CXX_LIBRARY = "libc++";
				CLANG_ENABLE_MODULES = YES;
				CLANG_ENABLE_OBJC_ARC = YES;
				CLANG_WARN_BOOL_CONVERSION = YES;
				CLANG_WARN_CONSTANT_CONVERSION = YES;
				CLANG_WARN_DIRECT_OBJC_ISA_USAGE = YES_ERROR;
				CLANG_WARN_EMPTY_BODY = YES;
				CLANG_WARN_ENUM_CONVERSION = YES;
				CLANG_WARN_INT_CONVERSION = YES;
				CLANG_WARN_OBJC_ROOT_CLASS = YES_ERROR;
				CLANG_WARN_UNREACHABLE_CODE = YES;
				CLANG_WARN__DUPLICATE_METHOD_MATCH = YES;
				COPY_PHASE_STRIP = YES;
				ENABLE_NS_ASSERTIONS = NO;
				ENABLE_STRICT_OBJC_MSGSEND = YES;
				GCC_C_LANGUAGE_STANDARD = gnu99;
				GCC_WARN_64_TO_32_BIT_CONVERSION = YES;
				GCC_WARN_ABOUT_RETURN_TYPE = YES_ERROR;
				GCC_WARN_UNDECLARED_SELECTOR = YES;
				GCC_WARN_UNINITIALIZED_AUTOS = YES_AGGRESSIVE;
				GCC_WARN_UNUSED_FUNCTION = YES;
				GCC_WARN_UNUSED_VARIABLE = YES;
				IPHONEOS_DEPLOYMENT_TARGET = 8.1;
				MTL_ENABLE_DEBUG_INFO = NO;
				SDKROOT = iphoneos;
				VALIDATE_PRODUCT = YES;
			};
			name = Release;
		};
		0B6E4DF31A2BA12000C51CC9 /* Debug */ = {
			isa = XCBuildConfiguration;
			buildSettings = {
				HEADER_SEARCH_PATHS = (
					"$(inherited)",
					/Applications/Xcode.app/Contents/Developer/Toolchains/XcodeDefault.xctoolchain/usr/include,
					"\"${PROJECT_DIR}/Xcode-Theos\"",
				);
				OTHER_LDFLAGS = "-ObjC";
				PRODUCT_NAME = "$(TARGET_NAME)";
				SKIP_INSTALL = YES;
			};
			name = Debug;
		};
		0B6E4DF41A2BA12000C51CC9 /* Release */ = {
			isa = XCBuildConfiguration;
			buildSettings = {
				HEADER_SEARCH_PATHS = (
					"$(inherited)",
					/Applications/Xcode.app/Contents/Developer/Toolchains/XcodeDefault.xctoolchain/usr/include,
					"\"${PROJECT_DIR}/Xcode-Theos\"",
				);
				OTHER_LDFLAGS = "-ObjC";
				PRODUCT_NAME = "$(TARGET_NAME)";
				SKIP_INSTALL = YES;
			};
			name = Release;
		};
/* End XCBuildConfiguration section */

/* Begin XCConfigurationList section */
		0B6E4DD91A2BA12000C51CC9 /* Build configuration list for PBXProject "CarPlayActivator" */ = {
			isa = XCConfigurationList;
			buildConfigurations = (
				0B6E4DF01A2BA12000C51CC9 /* Debug */,
				0B6E4DF11A2BA12000C51CC9 /* Release */,
			);
			defaultConfigurationIsVisible = 0;
			defaultConfigurationName = Release;
		};
		0B6E4DF21A2BA12000C51CC9 /* Build configuration list for PBXNativeTarget "CarPlayActivator" */ = {
			isa = XCConfigurationList;
			buildConfigurations = (
				0B6E4DF31A2BA12000C51CC9 /* Debug */,
				0B6E4DF41A2BA12000C51CC9 /* Release */,
			);
			defaultConfigurationIsVisible = 0;
			defaultConfigurationName = Release;
		};
/* End XCConfigurationList section */
	};
	rootObject = 0B6E4DD61A2BA12000C51CC9 /* Project object */;
}
